
Microsoft Visual Studio Solution File, Format Version 12.00
# Visual Studio Version 16
VisualStudioVersion = 16.0.31019.35
MinimumVisualStudioVersion = 10.0.40219.1
Project("{FAE04EC0-301F-11D3-BF4B-00C04F79EFBC}") = "BTL", "BTL\BTL.csproj", "{55D6D679-F9B8-4D90-8C0F-299A45ED2E83}"
EndProject
Global
	GlobalSection(SolutionConfigurationPlatforms) = preSolution
		Debug|Any CPU = Debug|Any CPU
		Release|Any CPU = Release|Any CPU
	EndGlobalSection
	GlobalSection(ProjectConfigurationPlatforms) = postSolution
		{55D6D679-F9B8-4D90-8C0F-299A45ED2E83}.Debug|Any CPU.ActiveCfg = Debug|Any CPU
		{55D6D679-F9B8-4D90-8C0F-299A45ED2E83}.Debug|Any CPU.Build.0 = Debug|Any CPU
		{55D6D679-F9B8-4D90-8C0F-299A45ED2E83}.Release|Any CPU.ActiveCfg = Release|Any CPU
		{55D6D679-F9B8-4D90-8C0F-299A45ED2E83}.Release|Any CPU.Build.0 = Release|Any CPU
	EndGlobalSection
	GlobalSection(SolutionProperties) = preSolution
		HideSolutionNode = FALSE
	EndGlobalSection
	GlobalSection(ExtensibilityGlobals) = postSolution
		SolutionGuid = {B9ED8F77-2455-4980-81F0-5728CAAE0682}
	EndGlobalSection
EndGlobal
